// !$*UTF8*$!
{
	archiveVersion = 1;
	classes = {
	};
	objectVersion = 50;
	objects = {

/* Begin PBXBuildFile section */
		501C7CED2196FD0100EFB252 /* AppDelegate.swift in Sources */ = {isa = PBXBuildFile; fileRef = 501C7CEC2196FD0100EFB252 /* AppDelegate.swift */; };
		501C7CF42196FD0500EFB252 /* Assets.xcassets in Resources */ = {isa = PBXBuildFile; fileRef = 501C7CF32196FD0500EFB252 /* Assets.xcassets */; };
		501C7CF72196FD0500EFB252 /* LaunchScreen.storyboard in Resources */ = {isa = PBXBuildFile; fileRef = 501C7CF52196FD0500EFB252 /* LaunchScreen.storyboard */; };
		501C7D022196FDB300EFB252 /* FeedsViewController.swift in Sources */ = {isa = PBXBuildFile; fileRef = 501C7D012196FDB300EFB252 /* FeedsViewController.swift */; };
		5038C2772198635B003DA3BB /* Localizable.strings in Resources */ = {isa = PBXBuildFile; fileRef = 5038C2762198635B003DA3BB /* Localizable.strings */; };
		5038C27921988171003DA3BB /* AttachImageView.swift in Sources */ = {isa = PBXBuildFile; fileRef = 5038C27821988171003DA3BB /* AttachImageView.swift */; };
		50BD154121970C9200E28463 /* Model.swift in Sources */ = {isa = PBXBuildFile; fileRef = 50BD154021970C9200E28463 /* Model.swift */; };
		50BD15442197108C00E28463 /* ApiClient.swift in Sources */ = {isa = PBXBuildFile; fileRef = 50BD15432197108C00E28463 /* ApiClient.swift */; };
		50BD154721971C4200E28463 /* VKSdkFramework.framework in Frameworks */ = {isa = PBXBuildFile; fileRef = 50BD154621971C4200E28463 /* VKSdkFramework.framework */; };
		50BD154A21971E4300E28463 /* AuthManager.swift in Sources */ = {isa = PBXBuildFile; fileRef = 50BD154921971E4300E28463 /* AuthManager.swift */; };
		50BD154D21972A0300E28463 /* FeedCell.swift in Sources */ = {isa = PBXBuildFile; fileRef = 50BD154C21972A0300E28463 /* FeedCell.swift */; };
		50BD155121973F3900E28463 /* FeedCellViewModel.swift in Sources */ = {isa = PBXBuildFile; fileRef = 50BD155021973F3900E28463 /* FeedCellViewModel.swift */; };
		50BD15552197F8C900E28463 /* FeedHeaderView.swift in Sources */ = {isa = PBXBuildFile; fileRef = 50BD15542197F8C900E28463 /* FeedHeaderView.swift */; };
		50BD155721980DF300E28463 /* FeedFooterView.swift in Sources */ = {isa = PBXBuildFile; fileRef = 50BD155621980DF300E28463 /* FeedFooterView.swift */; };
		50BD155921982CBF00E28463 /* AvatarImageView.swift in Sources */ = {isa = PBXBuildFile; fileRef = 50BD155821982CBF00E28463 /* AvatarImageView.swift */; };
		50BD155B21982D0C00E28463 /* ImageView.swift in Sources */ = {isa = PBXBuildFile; fileRef = 50BD155A21982D0C00E28463 /* ImageView.swift */; };
/* End PBXBuildFile section */

/* Begin PBXFileReference section */
		501C7CE92196FD0100EFB252 /* vk-challenge.app */ = {isa = PBXFileReference; explicitFileType = wrapper.application; includeInIndex = 0; path = "vk-challenge.app"; sourceTree = BUILT_PRODUCTS_DIR; };
		501C7CEC2196FD0100EFB252 /* AppDelegate.swift */ = {isa = PBXFileReference; lastKnownFileType = sourcecode.swift; path = AppDelegate.swift; sourceTree = "<group>"; };
		501C7CF32196FD0500EFB252 /* Assets.xcassets */ = {isa = PBXFileReference; lastKnownFileType = folder.assetcatalog; path = Assets.xcassets; sourceTree = "<group>"; };
		501C7CF82196FD0500EFB252 /* Info.plist */ = {isa = PBXFileReference; lastKnownFileType = text.plist.xml; path = Info.plist; sourceTree = "<group>"; };
		501C7D012196FDB300EFB252 /* FeedsViewController.swift */ = {isa = PBXFileReference; lastKnownFileType = sourcecode.swift; path = FeedsViewController.swift; sourceTree = "<group>"; };
		5038C27521986324003DA3BB /* Base */ = {isa = PBXFileReference; lastKnownFileType = file.storyboard; name = Base; path = Base.lproj/LaunchScreen.storyboard; sourceTree = "<group>"; };
		5038C2762198635B003DA3BB /* Localizable.strings */ = {isa = PBXFileReference; lastKnownFileType = text.plist.strings; path = Localizable.strings; sourceTree = "<group>"; };
		5038C27821988171003DA3BB /* AttachImageView.swift */ = {isa = PBXFileReference; lastKnownFileType = sourcecode.swift; path = AttachImageView.swift; sourceTree = "<group>"; };
		50BD154021970C9200E28463 /* Model.swift */ = {isa = PBXFileReference; lastKnownFileType = sourcecode.swift; path = Model.swift; sourceTree = "<group>"; };
		50BD15432197108C00E28463 /* ApiClient.swift */ = {isa = PBXFileReference; lastKnownFileType = sourcecode.swift; path = ApiClient.swift; sourceTree = "<group>"; };
		50BD154621971C4200E28463 /* VKSdkFramework.framework */ = {isa = PBXFileReference; lastKnownFileType = wrapper.framework; name = VKSdkFramework.framework; path = Carthage/Build/iOS/VKSdkFramework.framework; sourceTree = "<group>"; };
		50BD154921971E4300E28463 /* AuthManager.swift */ = {isa = PBXFileReference; lastKnownFileType = sourcecode.swift; path = AuthManager.swift; sourceTree = "<group>"; };
		50BD154C21972A0300E28463 /* FeedCell.swift */ = {isa = PBXFileReference; lastKnownFileType = sourcecode.swift; path = FeedCell.swift; sourceTree = "<group>"; };
		50BD155021973F3900E28463 /* FeedCellViewModel.swift */ = {isa = PBXFileReference; lastKnownFileType = sourcecode.swift; path = FeedCellViewModel.swift; sourceTree = "<group>"; };
		50BD15542197F8C900E28463 /* FeedHeaderView.swift */ = {isa = PBXFileReference; lastKnownFileType = sourcecode.swift; path = FeedHeaderView.swift; sourceTree = "<group>"; };
		50BD155621980DF300E28463 /* FeedFooterView.swift */ = {isa = PBXFileReference; lastKnownFileType = sourcecode.swift; path = FeedFooterView.swift; sourceTree = "<group>"; };
		50BD155821982CBF00E28463 /* AvatarImageView.swift */ = {isa = PBXFileReference; lastKnownFileType = sourcecode.swift; path = AvatarImageView.swift; sourceTree = "<group>"; };
		50BD155A21982D0C00E28463 /* ImageView.swift */ = {isa = PBXFileReference; lastKnownFileType = sourcecode.swift; path = ImageView.swift; sourceTree = "<group>"; };
/* End PBXFileReference section */

/* Begin PBXFrameworksBuildPhase section */
		501C7CE62196FD0100EFB252 /* Frameworks */ = {
			isa = PBXFrameworksBuildPhase;
			buildActionMask = 2147483647;
			files = (
				50BD154721971C4200E28463 /* VKSdkFramework.framework in Frameworks */,
			);
			runOnlyForDeploymentPostprocessing = 0;
		};
/* End PBXFrameworksBuildPhase section */

/* Begin PBXGroup section */
		501C7CE02196FD0100EFB252 = {
			isa = PBXGroup;
			children = (
				501C7CEB2196FD0100EFB252 /* vk-challenge */,
				501C7CEA2196FD0100EFB252 /* Products */,
				50BD154521971C4200E28463 /* Frameworks */,
			);
			sourceTree = "<group>";
		};
		501C7CEA2196FD0100EFB252 /* Products */ = {
			isa = PBXGroup;
			children = (
				501C7CE92196FD0100EFB252 /* vk-challenge.app */,
			);
			name = Products;
			sourceTree = "<group>";
		};
		501C7CEB2196FD0100EFB252 /* vk-challenge */ = {
			isa = PBXGroup;
			children = (
				501C7CFE2196FD3C00EFB252 /* Classes */,
				501C7CEC2196FD0100EFB252 /* AppDelegate.swift */,
				501C7CF32196FD0500EFB252 /* Assets.xcassets */,
				501C7CF52196FD0500EFB252 /* LaunchScreen.storyboard */,
				501C7CF82196FD0500EFB252 /* Info.plist */,
				5038C2762198635B003DA3BB /* Localizable.strings */,
			);
			path = "vk-challenge";
			sourceTree = "<group>";
		};
		501C7CFE2196FD3C00EFB252 /* Classes */ = {
			isa = PBXGroup;
			children = (
				50BD15422197106B00E28463 /* Api */,
				50BD153F21970B5900E28463 /* Models */,
				501C7CFF2196FD3C00EFB252 /* Modules */,
				50BD154B219729D800E28463 /* UIKit */,
			);
			path = Classes;
			sourceTree = "<group>";
		};
		501C7CFF2196FD3C00EFB252 /* Modules */ = {
			isa = PBXGroup;
			children = (
				501C7D002196FD6000EFB252 /* Feeds */,
			);
			path = Modules;
			sourceTree = "<group>";
		};
		501C7D002196FD6000EFB252 /* Feeds */ = {
			isa = PBXGroup;
			children = (
				501C7D012196FDB300EFB252 /* FeedsViewController.swift */,
			);
			path = Feeds;
			sourceTree = "<group>";
		};
		50BD153F21970B5900E28463 /* Models */ = {
			isa = PBXGroup;
			children = (
				50BD154021970C9200E28463 /* Model.swift */,
			);
			path = Models;
			sourceTree = "<group>";
		};
		50BD15422197106B00E28463 /* Api */ = {
			isa = PBXGroup;
			children = (
				50BD15432197108C00E28463 /* ApiClient.swift */,
				50BD154921971E4300E28463 /* AuthManager.swift */,
			);
			path = Api;
			sourceTree = "<group>";
		};
		50BD154521971C4200E28463 /* Frameworks */ = {
			isa = PBXGroup;
			children = (
				50BD154621971C4200E28463 /* VKSdkFramework.framework */,
			);
			name = Frameworks;
			sourceTree = "<group>";
		};
		50BD154B219729D800E28463 /* UIKit */ = {
			isa = PBXGroup;
			children = (
				50BD154C21972A0300E28463 /* FeedCell.swift */,
				50BD155021973F3900E28463 /* FeedCellViewModel.swift */,
				50BD15542197F8C900E28463 /* FeedHeaderView.swift */,
				50BD155621980DF300E28463 /* FeedFooterView.swift */,
				50BD155821982CBF00E28463 /* AvatarImageView.swift */,
				5038C27821988171003DA3BB /* AttachImageView.swift */,
				50BD155A21982D0C00E28463 /* ImageView.swift */,
			);
			path = UIKit;
			sourceTree = "<group>";
		};
/* End PBXGroup section */

/* Begin PBXNativeTarget section */
		501C7CE82196FD0100EFB252 /* vk-challenge */ = {
			isa = PBXNativeTarget;
			buildConfigurationList = 501C7CFB2196FD0500EFB252 /* Build configuration list for PBXNativeTarget "vk-challenge" */;
			buildPhases = (
				501C7CE52196FD0100EFB252 /* Sources */,
				501C7CE62196FD0100EFB252 /* Frameworks */,
				501C7CE72196FD0100EFB252 /* Resources */,
				50BD154821971C4A00E28463 /* Carthage */,
			);
			buildRules = (
			);
			dependencies = (
			);
			name = "vk-challenge";
			productName = "vk-challenge";
			productReference = 501C7CE92196FD0100EFB252 /* vk-challenge.app */;
			productType = "com.apple.product-type.application";
		};
/* End PBXNativeTarget section */

/* Begin PBXProject section */
		501C7CE12196FD0100EFB252 /* Project object */ = {
			isa = PBXProject;
			attributes = {
				LastSwiftUpdateCheck = 1010;
				LastUpgradeCheck = 1010;
				ORGANIZATIONNAME = basalaev;
				TargetAttributes = {
					501C7CE82196FD0100EFB252 = {
						CreatedOnToolsVersion = 10.1;
					};
				};
			};
			buildConfigurationList = 501C7CE42196FD0100EFB252 /* Build configuration list for PBXProject "vk-challenge" */;
			compatibilityVersion = "Xcode 9.3";
			developmentRegion = en;
			hasScannedForEncodings = 0;
			knownRegions = (
				Base,
			);
			mainGroup = 501C7CE02196FD0100EFB252;
			productRefGroup = 501C7CEA2196FD0100EFB252 /* Products */;
			projectDirPath = "";
			projectRoot = "";
			targets = (
				501C7CE82196FD0100EFB252 /* vk-challenge */,
			);
		};
/* End PBXProject section */

/* Begin PBXResourcesBuildPhase section */
		501C7CE72196FD0100EFB252 /* Resources */ = {
			isa = PBXResourcesBuildPhase;
			buildActionMask = 2147483647;
			files = (
				501C7CF72196FD0500EFB252 /* LaunchScreen.storyboard in Resources */,
				5038C2772198635B003DA3BB /* Localizable.strings in Resources */,
				501C7CF42196FD0500EFB252 /* Assets.xcassets in Resources */,
			);
			runOnlyForDeploymentPostprocessing = 0;
		};
/* End PBXResourcesBuildPhase section */

/* Begin PBXShellScriptBuildPhase section */
		50BD154821971C4A00E28463 /* Carthage */ = {
			isa = PBXShellScriptBuildPhase;
			buildActionMask = 2147483647;
			files = (
			);
			inputFileListPaths = (
			);
			inputPaths = (
				"$(SRCROOT)/Carthage/Build/iOS/VKSdkFramework.framework",
			);
			name = Carthage;
			outputFileListPaths = (
			);
			outputPaths = (
				"$(BUILT_PRODUCTS_DIR)/$(FRAMEWORKS_FOLDER_PATH)/VKSdkFramework.framework",
			);
			runOnlyForDeploymentPostprocessing = 0;
			shellPath = /bin/sh;
			shellScript = "carthage copy-frameworks\n";
		};
/* End PBXShellScriptBuildPhase section */

/* Begin PBXSourcesBuildPhase section */
		501C7CE52196FD0100EFB252 /* Sources */ = {
			isa = PBXSourcesBuildPhase;
			buildActionMask = 2147483647;
			files = (
				50BD154D21972A0300E28463 /* FeedCell.swift in Sources */,
				50BD155921982CBF00E28463 /* AvatarImageView.swift in Sources */,
				50BD155121973F3900E28463 /* FeedCellViewModel.swift in Sources */,
				50BD155721980DF300E28463 /* FeedFooterView.swift in Sources */,
				50BD155B21982D0C00E28463 /* ImageView.swift in Sources */,
				501C7D022196FDB300EFB252 /* FeedsViewController.swift in Sources */,
				50BD154A21971E4300E28463 /* AuthManager.swift in Sources */,
				5038C27921988171003DA3BB /* AttachImageView.swift in Sources */,
				501C7CED2196FD0100EFB252 /* AppDelegate.swift in Sources */,
				50BD154121970C9200E28463 /* Model.swift in Sources */,
				50BD15552197F8C900E28463 /* FeedHeaderView.swift in Sources */,
				50BD15442197108C00E28463 /* ApiClient.swift in Sources */,
			);
			runOnlyForDeploymentPostprocessing = 0;
		};
/* End PBXSourcesBuildPhase section */

/* Begin PBXVariantGroup section */
		501C7CF52196FD0500EFB252 /* LaunchScreen.storyboard */ = {
			isa = PBXVariantGroup;
			children = (
				5038C27521986324003DA3BB /* Base */,
			);
			name = LaunchScreen.storyboard;
			sourceTree = "<group>";
		};
/* End PBXVariantGroup section */

/* Begin XCBuildConfiguration section */
		501C7CF92196FD0500EFB252 /* Debug */ = {
			isa = XCBuildConfiguration;
			buildSettings = {
				ALWAYS_SEARCH_USER_PATHS = NO;
				CLANG_ANALYZER_LOCALIZABILITY_NONLOCALIZED = YES;
				CLANG_ANALYZER_NONNULL = YES;
				CLANG_ANALYZER_NUMBER_OBJECT_CONVERSION = YES_AGGRESSIVE;
				CLANG_CXX_LANGUAGE_STANDARD = "gnu++14";
				CLANG_CXX_LIBRARY = "libc++";
				CLANG_ENABLE_MODULES = YES;
				CLANG_ENABLE_OBJC_ARC = YES;
				CLANG_ENABLE_OBJC_WEAK = YES;
				CLANG_WARN_BLOCK_CAPTURE_AUTORELEASING = YES;
				CLANG_WARN_BOOL_CONVERSION = YES;
				CLANG_WARN_COMMA = YES;
				CLANG_WARN_CONSTANT_CONVERSION = YES;
				CLANG_WARN_DEPRECATED_OBJC_IMPLEMENTATIONS = YES;
				CLANG_WARN_DIRECT_OBJC_ISA_USAGE = YES_ERROR;
				CLANG_WARN_DOCUMENTATION_COMMENTS = YES;
				CLANG_WARN_EMPTY_BODY = YES;
				CLANG_WARN_ENUM_CONVERSION = YES;
				CLANG_WARN_INFINITE_RECURSION = YES;
				CLANG_WARN_INT_CONVERSION = YES;
				CLANG_WARN_NON_LITERAL_NULL_CONVERSION = YES;
				CLANG_WARN_OBJC_IMPLICIT_RETAIN_SELF = YES;
				CLANG_WARN_OBJC_LITERAL_CONVERSION = YES;
				CLANG_WARN_OBJC_ROOT_CLASS = YES_ERROR;
				CLANG_WARN_RANGE_LOOP_ANALYSIS = YES;
				CLANG_WARN_STRICT_PROTOTYPES = YES;
				CLANG_WARN_SUSPICIOUS_MOVE = YES;
				CLANG_WARN_UNGUARDED_AVAILABILITY = YES_AGGRESSIVE;
				CLANG_WARN_UNREACHABLE_CODE = YES;
				CLANG_WARN__DUPLICATE_METHOD_MATCH = YES;
				CODE_SIGN_IDENTITY = "iPhone Developer";
				COPY_PHASE_STRIP = NO;
				DEBUG_INFORMATION_FORMAT = dwarf;
				ENABLE_STRICT_OBJC_MSGSEND = YES;
				ENABLE_TESTABILITY = YES;
				GCC_C_LANGUAGE_STANDARD = gnu11;
				GCC_DYNAMIC_NO_PIC = NO;
				GCC_NO_COMMON_BLOCKS = YES;
				GCC_OPTIMIZATION_LEVEL = 0;
				GCC_PREPROCESSOR_DEFINITIONS = (
					"DEBUG=1",
					"$(inherited)",
				);
				GCC_WARN_64_TO_32_BIT_CONVERSION = YES;
				GCC_WARN_ABOUT_RETURN_TYPE = YES_ERROR;
				GCC_WARN_UNDECLARED_SELECTOR = YES;
				GCC_WARN_UNINITIALIZED_AUTOS = YES_AGGRESSIVE;
				GCC_WARN_UNUSED_FUNCTION = YES;
				GCC_WARN_UNUSED_VARIABLE = YES;
				IPHONEOS_DEPLOYMENT_TARGET = 12.1;
				MTL_ENABLE_DEBUG_INFO = INCLUDE_SOURCE;
				MTL_FAST_MATH = YES;
				ONLY_ACTIVE_ARCH = YES;
				SDKROOT = iphoneos;
				SWIFT_ACTIVE_COMPILATION_CONDITIONS = DEBUG;
				SWIFT_OPTIMIZATION_LEVEL = "-Onone";
			};
			name = Debug;
		};
		501C7CFA2196FD0500EFB252 /* Release */ = {
			isa = XCBuildConfiguration;
			buildSettings = {
				ALWAYS_SEARCH_USER_PATHS = NO;
				CLANG_ANALYZER_LOCALIZABILITY_NONLOCALIZED = YES;
				CLANG_ANALYZER_NONNULL = YES;
				CLANG_ANALYZER_NUMBER_OBJECT_CONVERSION = YES_AGGRESSIVE;
				CLANG_CXX_LANGUAGE_STANDARD = "gnu++14";
				CLANG_CXX_LIBRARY = "libc++";
				CLANG_ENABLE_MODULES = YES;
				CLANG_ENABLE_OBJC_ARC = YES;
				CLANG_ENABLE_OBJC_WEAK = YES;
				CLANG_WARN_BLOCK_CAPTURE_AUTORELEASING = YES;
				CLANG_WARN_BOOL_CONVERSION = YES;
				CLANG_WARN_COMMA = YES;
				CLANG_WARN_CONSTANT_CONVERSION = YES;
				CLANG_WARN_DEPRECATED_OBJC_IMPLEMENTATIONS = YES;
				CLANG_WARN_DIRECT_OBJC_ISA_USAGE = YES_ERROR;
				CLANG_WARN_DOCUMENTATION_COMMENTS = YES;
				CLANG_WARN_EMPTY_BODY = YES;
				CLANG_WARN_ENUM_CONVERSION = YES;
				CLANG_WARN_INFINITE_RECURSION = YES;
				CLANG_WARN_INT_CONVERSION = YES;
				CLANG_WARN_NON_LITERAL_NULL_CONVERSION = YES;
				CLANG_WARN_OBJC_IMPLICIT_RETAIN_SELF = YES;
				CLANG_WARN_OBJC_LITERAL_CONVERSION = YES;
				CLANG_WARN_OBJC_ROOT_CLASS = YES_ERROR;
				CLANG_WARN_RANGE_LOOP_ANALYSIS = YES;
				CLANG_WARN_STRICT_PROTOTYPES = YES;
				CLANG_WARN_SUSPICIOUS_MOVE = YES;
				CLANG_WARN_UNGUARDED_AVAILABILITY = YES_AGGRESSIVE;
				CLANG_WARN_UNREACHABLE_CODE = YES;
				CLANG_WARN__DUPLICATE_METHOD_MATCH = YES;
				CODE_SIGN_IDENTITY = "iPhone Developer";
				COPY_PHASE_STRIP = NO;
				DEBUG_INFORMATION_FORMAT = "dwarf-with-dsym";
				ENABLE_NS_ASSERTIONS = NO;
				ENABLE_STRICT_OBJC_MSGSEND = YES;
				GCC_C_LANGUAGE_STANDARD = gnu11;
				GCC_NO_COMMON_BLOCKS = YES;
				GCC_WARN_64_TO_32_BIT_CONVERSION = YES;
				GCC_WARN_ABOUT_RETURN_TYPE = YES_ERROR;
				GCC_WARN_UNDECLARED_SELECTOR = YES;
				GCC_WARN_UNINITIALIZED_AUTOS = YES_AGGRESSIVE;
				GCC_WARN_UNUSED_FUNCTION = YES;
				GCC_WARN_UNUSED_VARIABLE = YES;
				IPHONEOS_DEPLOYMENT_TARGET = 12.1;
				MTL_ENABLE_DEBUG_INFO = NO;
				MTL_FAST_MATH = YES;
				SDKROOT = iphoneos;
				SWIFT_COMPILATION_MODE = wholemodule;
				SWIFT_OPTIMIZATION_LEVEL = "-O";
				VALIDATE_PRODUCT = YES;
			};
			name = Release;
		};
		501C7CFC2196FD0500EFB252 /* Debug */ = {
			isa = XCBuildConfiguration;
			buildSettings = {
				ASSETCATALOG_COMPILER_APPICON_NAME = AppIcon;
				CODE_SIGN_IDENTITY = "iPhone Developer";
				CODE_SIGN_STYLE = Automatic;
				DEVELOPMENT_TEAM = 26EKC3EJPY;
				FRAMEWORK_SEARCH_PATHS = (
					"$(inherited)",
					"$(PROJECT_DIR)/Carthage/Build/iOS",
				);
				INFOPLIST_FILE = "vk-challenge/Info.plist";
				IPHONEOS_DEPLOYMENT_TARGET = 9.0;
				LD_RUNPATH_SEARCH_PATHS = (
					"$(inherited)",
					"@executable_path/Frameworks",
				);
				PRODUCT_BUNDLE_IDENTIFIER = "basalaev.vk-challenge";
				PRODUCT_NAME = "$(TARGET_NAME)";
				PROVISIONING_PROFILE_SPECIFIER = "";
				SWIFT_VERSION = 4.2;
				TARGETED_DEVICE_FAMILY = 1;
			};
			name = Debug;
		};
		501C7CFD2196FD0500EFB252 /* Release */ = {
			isa = XCBuildConfiguration;
			buildSettings = {
				ASSETCATALOG_COMPILER_APPICON_NAME = AppIcon;
				CODE_SIGN_IDENTITY = "iPhone Developer";
				CODE_SIGN_STYLE = Automatic;
				DEVELOPMENT_TEAM = 26EKC3EJPY;
				FRAMEWORK_SEARCH_PATHS = (
					"$(inherited)",
					"$(PROJECT_DIR)/Carthage/Build/iOS",
				);
				INFOPLIST_FILE = "vk-challenge/Info.plist";
				IPHONEOS_DEPLOYMENT_TARGET = 9.0;
				LD_RUNPATH_SEARCH_PATHS = (
					"$(inherited)",
					"@executable_path/Frameworks",
				);
				PRODUCT_BUNDLE_IDENTIFIER = "basalaev.vk-challenge";
				PRODUCT_NAME = "$(TARGET_NAME)";
				PROVISIONING_PROFILE_SPECIFIER = "";
				SWIFT_VERSION = 4.2;
				TARGETED_DEVICE_FAMILY = 1;
			};
			name = Release;
		};
/* End XCBuildConfiguration section */

/* Begin XCConfigurationList section */
		501C7CE42196FD0100EFB252 /* Build configuration list for PBXProject "vk-challenge" */ = {
			isa = XCConfigurationList;
			buildConfigurations = (
				501C7CF92196FD0500EFB252 /* Debug */,
				501C7CFA2196FD0500EFB252 /* Release */,
			);
			defaultConfigurationIsVisible = 0;
			defaultConfigurationName = Release;
		};
		501C7CFB2196FD0500EFB252 /* Build configuration list for PBXNativeTarget "vk-challenge" */ = {
			isa = XCConfigurationList;
			buildConfigurations = (
				501C7CFC2196FD0500EFB252 /* Debug */,
				501C7CFD2196FD0500EFB252 /* Release */,
			);
			defaultConfigurationIsVisible = 0;
			defaultConfigurationName = Release;
		};
/* End XCConfigurationList section */
	};
	rootObject = 501C7CE12196FD0100EFB252 /* Project object */;
}
